
Microsoft Visual Studio Solution File, Format Version 12.00
# Visual Studio Version 17
VisualStudioVersion = 17.0.32014.148
MinimumVisualStudioVersion = 10.0.40219.1
Project("{FAE04EC0-301F-11D3-BF4B-00C04F79EFBC}") = "DrakkenheimEncountersBot", "DrakkenheimEncountersBot.csproj", "{37AA91DC-72A8-40EC-A790-E0D83101AE75}"
EndProject
Global
	GlobalSection(SolutionConfigurationPlatforms) = preSolution
		Debug|Any CPU = Debug|Any CPU
		Release|Any CPU = Release|Any CPU
	EndGlobalSection
	GlobalSection(ProjectConfigurationPlatforms) = postSolution
		{37AA91DC-72A8-40EC-A790-E0D83101AE75}.Debug|Any CPU.ActiveCfg = Debug|Any CPU
		{37AA91DC-72A8-40EC-A790-E0D83101AE75}.Debug|Any CPU.Build.0 = Debug|Any CPU
		{37AA91DC-72A8-40EC-A790-E0D83101AE75}.Release|Any CPU.ActiveCfg = Release|Any CPU
		{37AA91DC-72A8-40EC-A790-E0D83101AE75}.Release|Any CPU.Build.0 = Release|Any CPU
	EndGlobalSection
	GlobalSection(SolutionProperties) = preSolution
		HideSolutionNode = FALSE
	EndGlobalSection
	GlobalSection(ExtensibilityGlobals) = postSolution
		SolutionGuid = {CF45EFB4-C5D6-476A-8281-D5DA388626EE}
	EndGlobalSection
EndGlobal
